
Microsoft Visual Studio Solution File, Format Version 12.00
# Visual Studio Version 16
VisualStudioVersion = 16.0.31729.503
MinimumVisualStudioVersion = 10.0.40219.1
Project("{FAE04EC0-301F-11D3-BF4B-00C04F79EFBC}") = "DoAn_Demo", "DoAn_Demo\DoAn_Demo.csproj", "{673CB3C9-052B-4D64-922B-F0638B6ED68D}"
EndProject
Global
	GlobalSection(SolutionConfigurationPlatforms) = preSolution
		Debug|Any CPU = Debug|Any CPU
		Release|Any CPU = Release|Any CPU
	EndGlobalSection
	GlobalSection(ProjectConfigurationPlatforms) = postSolution
		{673CB3C9-052B-4D64-922B-F0638B6ED68D}.Debug|Any CPU.ActiveCfg = Debug|Any CPU
		{673CB3C9-052B-4D64-922B-F0638B6ED68D}.Debug|Any CPU.Build.0 = Debug|Any CPU
		{673CB3C9-052B-4D64-922B-F0638B6ED68D}.Release|Any CPU.ActiveCfg = Release|Any CPU
		{673CB3C9-052B-4D64-922B-F0638B6ED68D}.Release|Any CPU.Build.0 = Release|Any CPU
	EndGlobalSection
	GlobalSection(SolutionProperties) = preSolution
		HideSolutionNode = FALSE
	EndGlobalSection
	GlobalSection(ExtensibilityGlobals) = postSolution
		SolutionGuid = {074114A2-96FD-4368-A9A3-6F98FF3832EA}
	EndGlobalSection
EndGlobal
